# THIS IS AN AUTOGENERATED FILE. DO NOT EDIT THIS FILE DIRECTLY.
# yarn lockfile v1


async-limiter@~1.0.0:
  version "1.0.1"
  resolved "https://registry.yarnpkg.com/async-limiter/-/async-limiter-1.0.1.tgz#dd379e94f0db8310b08291f9d64c3209766617fd"

nodejs-websocket@^1.6.0:
  version "1.7.1"
  resolved "https://registry.yarnpkg.com/nodejs-websocket/-/nodejs-websocket-1.7.1.tgz#cccfbba823bf1cfa9680f168ab7ab53121e48410"

safe-buffer@~5.1.0:
  version "5.1.2"
  resolved "https://registry.yarnpkg.com/safe-buffer/-/safe-buffer-5.1.2.tgz#991ec69d296e0313747d59bdfd2b745c35f8828d"

ultron@~1.1.0:
  version "1.1.1"
  resolved "https://registry.yarnpkg.com/ultron/-/ultron-1.1.1.tgz#9fe1536a10a664a65266a1e3ccf85fd36302bc9c"

ws@^3.3.1:
  version "3.3.1"
  resolved "https://registry.yarnpkg.com/ws/-/ws-3.3.1.tgz#d97e34dee06a1190c61ac1e95f43cb60b78cf939"
  dependencies:
    async-limiter "~1.0.0"
    safe-buffer "~5.1.0"
    ultron "~1.1.0"
